
Microsoft Visual Studio Solution File, Format Version 12.00
# Visual Studio Version 17
VisualStudioVersion = 17.13.35919.96 d17.13
MinimumVisualStudioVersion = 10.0.40219.1
Project("{FAE04EC0-301F-11D3-BF4B-00C04F79EFBC}") = "Countdown Numbers Solver", "Countdown Numbers Solver\Countdown Numbers Solver.csproj", "{7B62E04F-1FE4-4CC6-9149-D1EC75176CEC}"
EndProject
Global
	GlobalSection(SolutionConfigurationPlatforms) = preSolution
		Debug|Any CPU = Debug|Any CPU
		Release|Any CPU = Release|Any CPU
	EndGlobalSection
	GlobalSection(ProjectConfigurationPlatforms) = postSolution
		{7B62E04F-1FE4-4CC6-9149-D1EC75176CEC}.Debug|Any CPU.ActiveCfg = Debug|Any CPU
		{7B62E04F-1FE4-4CC6-9149-D1EC75176CEC}.Debug|Any CPU.Build.0 = Debug|Any CPU
		{7B62E04F-1FE4-4CC6-9149-D1EC75176CEC}.Release|Any CPU.ActiveCfg = Release|Any CPU
		{7B62E04F-1FE4-4CC6-9149-D1EC75176CEC}.Release|Any CPU.Build.0 = Release|Any CPU
	EndGlobalSection
	GlobalSection(SolutionProperties) = preSolution
		HideSolutionNode = FALSE
	EndGlobalSection
	GlobalSection(ExtensibilityGlobals) = postSolution
		SolutionGuid = {A1E95801-C944-426F-A3ED-DF0EA15DE6BF}
	EndGlobalSection
EndGlobal
